
Microsoft Visual Studio Solution File, Format Version 12.00
# Visual Studio 15
VisualStudioVersion = 15.0.27004.2010
MinimumVisualStudioVersion = 10.0.40219.1
Project("{FAE04EC0-301F-11D3-BF4B-00C04F79EFBC}") = "JSON", "JSON\JSON.csproj", "{1726A76F-CFBE-4ACE-B305-AB1362A583BB}"
EndProject
Global
	GlobalSection(SolutionConfigurationPlatforms) = preSolution
		Debug|Any CPU = Debug|Any CPU
		Release|Any CPU = Release|Any CPU
	EndGlobalSection
	GlobalSection(ProjectConfigurationPlatforms) = postSolution
		{1726A76F-CFBE-4ACE-B305-AB1362A583BB}.Debug|Any CPU.ActiveCfg = Debug|Any CPU
		{1726A76F-CFBE-4ACE-B305-AB1362A583BB}.Debug|Any CPU.Build.0 = Debug|Any CPU
		{1726A76F-CFBE-4ACE-B305-AB1362A583BB}.Release|Any CPU.ActiveCfg = Release|Any CPU
		{1726A76F-CFBE-4ACE-B305-AB1362A583BB}.Release|Any CPU.Build.0 = Release|Any CPU
	EndGlobalSection
	GlobalSection(SolutionProperties) = preSolution
		HideSolutionNode = FALSE
	EndGlobalSection
	GlobalSection(ExtensibilityGlobals) = postSolution
		SolutionGuid = {06DB09FF-A8EA-422D-9ED8-3D6B1F398E97}
	EndGlobalSection
EndGlobal
